{
  "name": "post",
  "version": "1.0.0",
  "lockfileVersion": 1,
  "requires": true,
  "dependencies": {
    "@openzeppelin/contracts": {
      "version": "2.5.0",
      "resolved": "https://registry.npmjs.org/@openzeppelin/contracts/-/contracts-2.5.0.tgz",
      "integrity": "sha512-t3jm8FrhL9tkkJTofkznTqo/XXdHi21w5yXwalEnaMOp22ZwZ0f/mmKdlgMMLPFa6bSVHbY88mKESwJT/7m5Lg=="
    },
    "solidity-util": {
      "version": "github:willitscale/solidity-util#000a42d4d7c1491cde4381c29d4b775fa7e99aac",
      "from": "github:willitscale/solidity-util"
    }
  }
}
